
Microsoft Visual Studio Solution File, Format Version 12.00
# Visual Studio Version 16
VisualStudioVersion = 16.0.29920.165
MinimumVisualStudioVersion = 10.0.40219.1
Project("{FAE04EC0-301F-11D3-BF4B-00C04F79EFBC}") = "ProgressBar进度条", "ProgressBar进度条\ProgressBar进度条.csproj", "{3C260D7C-C46B-46A7-B0E1-2CFB7372E8E5}"
EndProject
Project("{FAE04EC0-301F-11D3-BF4B-00C04F79EFBC}") = "MD5Test", "MD5\MD5Test.csproj", "{BA158692-60FF-4473-B2F1-0FADBA4B3B1B}"
EndProject
Project("{FAE04EC0-301F-11D3-BF4B-00C04F79EFBC}") = "Split的六种重载", "导出Excel\Split的六种重载.csproj", "{BD0BA5F1-82E8-4EAD-99A1-F4F952D4032C}"
EndProject
Project("{FAE04EC0-301F-11D3-BF4B-00C04F79EFBC}") = "导出ExcelDemo", "导出ExcelDemo\导出ExcelDemo.csproj", "{A88CF7E6-8649-44FC-B5FB-FD870E1D5F9E}"
EndProject
Project("{FAE04EC0-301F-11D3-BF4B-00C04F79EFBC}") = "Http系列", "Http系列\Http系列.csproj", "{C714AFB0-DF55-4B4E-91E2-49C5B8FC2C7E}"
EndProject
Project("{FAE04EC0-301F-11D3-BF4B-00C04F79EFBC}") = "多线程", "多线程\多线程.csproj", "{799F6A93-A796-4566-BBA3-F517CD3EB102}"
EndProject
Project("{FAE04EC0-301F-11D3-BF4B-00C04F79EFBC}") = "进程", "进程\进程.csproj", "{4C8B4FF1-9CFE-4885-A83B-B2C148E66927}"
EndProject
Project("{FAE04EC0-301F-11D3-BF4B-00C04F79EFBC}") = "socket服务端", "socket服务端\socket服务端.csproj", "{A7766394-CB6D-430C-89B8-725BEFC9DC07}"
EndProject
Project("{FAE04EC0-301F-11D3-BF4B-00C04F79EFBC}") = "LInq+Lambda", "LInq+Lambda\LInq+Lambda.csproj", "{EA95D46A-2BB0-41C6-A7D5-BA9A306C0132}"
EndProject
Project("{FAE04EC0-301F-11D3-BF4B-00C04F79EFBC}") = "YieldReturn关键字", "YieldReturn关键字\YieldReturn关键字.csproj", "{9BE841C7-D495-4BD0-8B8F-A4E292F01D5A}"
EndProject
Project("{2150E333-8FDC-42A3-9474-1A3956D46DE8}") = "yeild关键字", "yeild关键字", "{11D1C092-BCA4-4D7D-8D81-D950E0E35138}"
EndProject
Project("{FAE04EC0-301F-11D3-BF4B-00C04F79EFBC}") = "Yiele返回", "Yiele返回\Yiele返回.csproj", "{A0D5BB0B-4FE8-45BD-A69D-B2948C9B78E7}"
EndProject
Project("{FAE04EC0-301F-11D3-BF4B-00C04F79EFBC}") = "WcfServiceDemo", "WcfServiceDemo\WcfServiceDemo.csproj", "{CBC0168D-025C-4EF4-B8A6-238F341BA396}"
EndProject
Project("{FAE04EC0-301F-11D3-BF4B-00C04F79EFBC}") = "WpfDemo", "WpfDemo\WpfDemo.csproj", "{2F4ADA5E-9BEE-45FC-8A95-EC8DEB839C3D}"
EndProject
Project("{FAE04EC0-301F-11D3-BF4B-00C04F79EFBC}") = "TabControll", "TabControll\TabControll.csproj", "{A0FD48DC-C445-4742-81F9-E1D27D8503FA}"
EndProject
Project("{FAE04EC0-301F-11D3-BF4B-00C04F79EFBC}") = "多态", "多态\多态.csproj", "{4AAB4559-A551-47D6-AD52-A8011085AC45}"
EndProject
Project("{FAE04EC0-301F-11D3-BF4B-00C04F79EFBC}") = "播放器", "播放器\播放器.csproj", "{AFC81D47-4405-4A69-9B59-C93E254F8650}"
EndProject
Project("{F184B08F-C81C-45F6-A57F-5ABD9991F28F}") = "生成Excel饼图_柱状图", "生成Excel饼图_柱状图\生成Excel饼图_柱状图.vbproj", "{0B78CFB2-8723-4851-8FE7-46BA758B4B63}"
EndProject
Project("{FAE04EC0-301F-11D3-BF4B-00C04F79EFBC}") = "生成Excel饼图、柱状图", "生成Excel饼图、柱状图\生成Excel饼图、柱状图.csproj", "{1F46A93E-E89D-42A4-9510-D038CD7B2733}"
EndProject
Project("{FAE04EC0-301F-11D3-BF4B-00C04F79EFBC}") = "委托", "委托\委托.csproj", "{6FB933FF-29A7-41C5-B47D-298F82AAA0EC}"
EndProject
Project("{FAE04EC0-301F-11D3-BF4B-00C04F79EFBC}") = "Redis", "Redis\Redis.csproj", "{8794CDE8-91DE-45B4-A6FD-4EA2D351FBB8}"
EndProject
Project("{FAE04EC0-301F-11D3-BF4B-00C04F79EFBC}") = "无限分级", "无限分级\无限分级.csproj", "{9D4AEC27-73C0-4946-83ED-ECC7652C6B0D}"
EndProject
Project("{FAE04EC0-301F-11D3-BF4B-00C04F79EFBC}") = "AsposeHelper", "AsposeHelper\AsposeHelper.csproj", "{0658A0F9-7D37-4ADC-A3D3-E59488DB09F0}"
EndProject
Project("{FAE04EC0-301F-11D3-BF4B-00C04F79EFBC}") = "Any的作用", "Any的作用\Any的作用.csproj", "{2F4D57BD-8FF2-4A37-B5C3-FE0F699751E3}"
EndProject
Project("{FAE04EC0-301F-11D3-BF4B-00C04F79EFBC}") = "自定义控件", "自定义控件\自定义控件.csproj", "{7BCB573E-9D1B-405A-BEA4-AB772C1E046F}"
EndProject
Project("{FAE04EC0-301F-11D3-BF4B-00C04F79EFBC}") = "Application_DoEvents", "Application_DoEvents\Application_DoEvents.csproj", "{E40FA8C5-7FF3-43D4-BC90-FCCACC358A60}"
EndProject
Project("{FAE04EC0-301F-11D3-BF4B-00C04F79EFBC}") = "多线程的Invoke的使用", "多线程的Invoke的使用\多线程的Invoke的使用.csproj", "{9AD0B9B2-F03E-4CF2-B889-2BC4B33B7E06}"
EndProject
Project("{FAE04EC0-301F-11D3-BF4B-00C04F79EFBC}") = "窗体间传值——事件的方式", "窗体间传值——事件的方式\窗体间传值——事件的方式.csproj", "{5C8CB905-273D-473A-8998-697E5095F280}"
EndProject
Global
	GlobalSection(SolutionConfigurationPlatforms) = preSolution
		Debug|Any CPU = Debug|Any CPU
		Debug|x64 = Debug|x64
		Debug|x86 = Debug|x86
		Release|Any CPU = Release|Any CPU
		Release|x64 = Release|x64
		Release|x86 = Release|x86
	EndGlobalSection
	GlobalSection(ProjectConfigurationPlatforms) = postSolution
		{3C260D7C-C46B-46A7-B0E1-2CFB7372E8E5}.Debug|Any CPU.ActiveCfg = Debug|Any CPU
		{3C260D7C-C46B-46A7-B0E1-2CFB7372E8E5}.Debug|Any CPU.Build.0 = Debug|Any CPU
		{3C260D7C-C46B-46A7-B0E1-2CFB7372E8E5}.Debug|x64.ActiveCfg = Debug|x64
		{3C260D7C-C46B-46A7-B0E1-2CFB7372E8E5}.Debug|x64.Build.0 = Debug|x64
		{3C260D7C-C46B-46A7-B0E1-2CFB7372E8E5}.Debug|x86.ActiveCfg = Debug|x86
		{3C260D7C-C46B-46A7-B0E1-2CFB7372E8E5}.Debug|x86.Build.0 = Debug|x86
		{3C260D7C-C46B-46A7-B0E1-2CFB7372E8E5}.Release|Any CPU.ActiveCfg = Release|Any CPU
		{3C260D7C-C46B-46A7-B0E1-2CFB7372E8E5}.Release|Any CPU.Build.0 = Release|Any CPU
		{3C260D7C-C46B-46A7-B0E1-2CFB7372E8E5}.Release|x64.ActiveCfg = Release|x64
		{3C260D7C-C46B-46A7-B0E1-2CFB7372E8E5}.Release|x64.Build.0 = Release|x64
		{3C260D7C-C46B-46A7-B0E1-2CFB7372E8E5}.Release|x86.ActiveCfg = Release|x86
		{3C260D7C-C46B-46A7-B0E1-2CFB7372E8E5}.Release|x86.Build.0 = Release|x86
		{BA158692-60FF-4473-B2F1-0FADBA4B3B1B}.Debug|Any CPU.ActiveCfg = Debug|Any CPU
		{BA158692-60FF-4473-B2F1-0FADBA4B3B1B}.Debug|Any CPU.Build.0 = Debug|Any CPU
		{BA158692-60FF-4473-B2F1-0FADBA4B3B1B}.Debug|x64.ActiveCfg = Debug|x64
		{BA158692-60FF-4473-B2F1-0FADBA4B3B1B}.Debug|x64.Build.0 = Debug|x64
		{BA158692-60FF-4473-B2F1-0FADBA4B3B1B}.Debug|x86.ActiveCfg = Debug|x86
		{BA158692-60FF-4473-B2F1-0FADBA4B3B1B}.Debug|x86.Build.0 = Debug|x86
		{BA158692-60FF-4473-B2F1-0FADBA4B3B1B}.Release|Any CPU.ActiveCfg = Release|Any CPU
		{BA158692-60FF-4473-B2F1-0FADBA4B3B1B}.Release|Any CPU.Build.0 = Release|Any CPU
		{BA158692-60FF-4473-B2F1-0FADBA4B3B1B}.Release|x64.ActiveCfg = Release|x64
		{BA158692-60FF-4473-B2F1-0FADBA4B3B1B}.Release|x64.Build.0 = Release|x64
		{BA158692-60FF-4473-B2F1-0FADBA4B3B1B}.Release|x86.ActiveCfg = Release|x86
		{BA158692-60FF-4473-B2F1-0FADBA4B3B1B}.Release|x86.Build.0 = Release|x86
		{BD0BA5F1-82E8-4EAD-99A1-F4F952D4032C}.Debug|Any CPU.ActiveCfg = Debug|Any CPU
		{BD0BA5F1-82E8-4EAD-99A1-F4F952D4032C}.Debug|Any CPU.Build.0 = Debug|Any CPU
		{BD0BA5F1-82E8-4EAD-99A1-F4F952D4032C}.Debug|x64.ActiveCfg = Debug|x64
		{BD0BA5F1-82E8-4EAD-99A1-F4F952D4032C}.Debug|x64.Build.0 = Debug|x64
		{BD0BA5F1-82E8-4EAD-99A1-F4F952D4032C}.Debug|x86.ActiveCfg = Debug|x86
		{BD0BA5F1-82E8-4EAD-99A1-F4F952D4032C}.Debug|x86.Build.0 = Debug|x86
		{BD0BA5F1-82E8-4EAD-99A1-F4F952D4032C}.Release|Any CPU.ActiveCfg = Release|Any CPU
		{BD0BA5F1-82E8-4EAD-99A1-F4F952D4032C}.Release|Any CPU.Build.0 = Release|Any CPU
		{BD0BA5F1-82E8-4EAD-99A1-F4F952D4032C}.Release|x64.ActiveCfg = Release|x64
		{BD0BA5F1-82E8-4EAD-99A1-F4F952D4032C}.Release|x64.Build.0 = Release|x64
		{BD0BA5F1-82E8-4EAD-99A1-F4F952D4032C}.Release|x86.ActiveCfg = Release|x86
		{BD0BA5F1-82E8-4EAD-99A1-F4F952D4032C}.Release|x86.Build.0 = Release|x86
		{A88CF7E6-8649-44FC-B5FB-FD870E1D5F9E}.Debug|Any CPU.ActiveCfg = Debug|Any CPU
		{A88CF7E6-8649-44FC-B5FB-FD870E1D5F9E}.Debug|Any CPU.Build.0 = Debug|Any CPU
		{A88CF7E6-8649-44FC-B5FB-FD870E1D5F9E}.Debug|x64.ActiveCfg = Debug|x64
		{A88CF7E6-8649-44FC-B5FB-FD870E1D5F9E}.Debug|x64.Build.0 = Debug|x64
		{A88CF7E6-8649-44FC-B5FB-FD870E1D5F9E}.Debug|x86.ActiveCfg = Debug|x86
		{A88CF7E6-8649-44FC-B5FB-FD870E1D5F9E}.Debug|x86.Build.0 = Debug|x86
		{A88CF7E6-8649-44FC-B5FB-FD870E1D5F9E}.Release|Any CPU.ActiveCfg = Release|Any CPU
		{A88CF7E6-8649-44FC-B5FB-FD870E1D5F9E}.Release|Any CPU.Build.0 = Release|Any CPU
		{A88CF7E6-8649-44FC-B5FB-FD870E1D5F9E}.Release|x64.ActiveCfg = Release|x64
		{A88CF7E6-8649-44FC-B5FB-FD870E1D5F9E}.Release|x64.Build.0 = Release|x64
		{A88CF7E6-8649-44FC-B5FB-FD870E1D5F9E}.Release|x86.ActiveCfg = Release|x86
		{A88CF7E6-8649-44FC-B5FB-FD870E1D5F9E}.Release|x86.Build.0 = Release|x86
		{C714AFB0-DF55-4B4E-91E2-49C5B8FC2C7E}.Debug|Any CPU.ActiveCfg = Debug|Any CPU
		{C714AFB0-DF55-4B4E-91E2-49C5B8FC2C7E}.Debug|Any CPU.Build.0 = Debug|Any CPU
		{C714AFB0-DF55-4B4E-91E2-49C5B8FC2C7E}.Debug|x64.ActiveCfg = Debug|x64
		{C714AFB0-DF55-4B4E-91E2-49C5B8FC2C7E}.Debug|x64.Build.0 = Debug|x64
		{C714AFB0-DF55-4B4E-91E2-49C5B8FC2C7E}.Debug|x86.ActiveCfg = Debug|x86
		{C714AFB0-DF55-4B4E-91E2-49C5B8FC2C7E}.Debug|x86.Build.0 = Debug|x86
		{C714AFB0-DF55-4B4E-91E2-49C5B8FC2C7E}.Release|Any CPU.ActiveCfg = Release|Any CPU
		{C714AFB0-DF55-4B4E-91E2-49C5B8FC2C7E}.Release|Any CPU.Build.0 = Release|Any CPU
		{C714AFB0-DF55-4B4E-91E2-49C5B8FC2C7E}.Release|x64.ActiveCfg = Release|x64
		{C714AFB0-DF55-4B4E-91E2-49C5B8FC2C7E}.Release|x64.Build.0 = Release|x64
		{C714AFB0-DF55-4B4E-91E2-49C5B8FC2C7E}.Release|x86.ActiveCfg = Release|x86
		{C714AFB0-DF55-4B4E-91E2-49C5B8FC2C7E}.Release|x86.Build.0 = Release|x86
		{799F6A93-A796-4566-BBA3-F517CD3EB102}.Debug|Any CPU.ActiveCfg = Debug|Any CPU
		{799F6A93-A796-4566-BBA3-F517CD3EB102}.Debug|Any CPU.Build.0 = Debug|Any CPU
		{799F6A93-A796-4566-BBA3-F517CD3EB102}.Debug|x64.ActiveCfg = Debug|x64
		{799F6A93-A796-4566-BBA3-F517CD3EB102}.Debug|x64.Build.0 = Debug|x64
		{799F6A93-A796-4566-BBA3-F517CD3EB102}.Debug|x86.ActiveCfg = Debug|x86
		{799F6A93-A796-4566-BBA3-F517CD3EB102}.Debug|x86.Build.0 = Debug|x86
		{799F6A93-A796-4566-BBA3-F517CD3EB102}.Release|Any CPU.ActiveCfg = Release|Any CPU
		{799F6A93-A796-4566-BBA3-F517CD3EB102}.Release|Any CPU.Build.0 = Release|Any CPU
		{799F6A93-A796-4566-BBA3-F517CD3EB102}.Release|x64.ActiveCfg = Release|x64
		{799F6A93-A796-4566-BBA3-F517CD3EB102}.Release|x64.Build.0 = Release|x64
		{799F6A93-A796-4566-BBA3-F517CD3EB102}.Release|x86.ActiveCfg = Release|x86
		{799F6A93-A796-4566-BBA3-F517CD3EB102}.Release|x86.Build.0 = Release|x86
		{4C8B4FF1-9CFE-4885-A83B-B2C148E66927}.Debug|Any CPU.ActiveCfg = Debug|Any CPU
		{4C8B4FF1-9CFE-4885-A83B-B2C148E66927}.Debug|Any CPU.Build.0 = Debug|Any CPU
		{4C8B4FF1-9CFE-4885-A83B-B2C148E66927}.Debug|x64.ActiveCfg = Debug|x64
		{4C8B4FF1-9CFE-4885-A83B-B2C148E66927}.Debug|x64.Build.0 = Debug|x64
		{4C8B4FF1-9CFE-4885-A83B-B2C148E66927}.Debug|x86.ActiveCfg = Debug|x86
		{4C8B4FF1-9CFE-4885-A83B-B2C148E66927}.Debug|x86.Build.0 = Debug|x86
		{4C8B4FF1-9CFE-4885-A83B-B2C148E66927}.Release|Any CPU.ActiveCfg = Release|Any CPU
		{4C8B4FF1-9CFE-4885-A83B-B2C148E66927}.Release|Any CPU.Build.0 = Release|Any CPU
		{4C8B4FF1-9CFE-4885-A83B-B2C148E66927}.Release|x64.ActiveCfg = Release|x64
		{4C8B4FF1-9CFE-4885-A83B-B2C148E66927}.Release|x64.Build.0 = Release|x64
		{4C8B4FF1-9CFE-4885-A83B-B2C148E66927}.Release|x86.ActiveCfg = Release|x86
		{4C8B4FF1-9CFE-4885-A83B-B2C148E66927}.Release|x86.Build.0 = Release|x86
		{A7766394-CB6D-430C-89B8-725BEFC9DC07}.Debug|Any CPU.ActiveCfg = Debug|Any CPU
		{A7766394-CB6D-430C-89B8-725BEFC9DC07}.Debug|Any CPU.Build.0 = Debug|Any CPU
		{A7766394-CB6D-430C-89B8-725BEFC9DC07}.Debug|x64.ActiveCfg = Debug|x64
		{A7766394-CB6D-430C-89B8-725BEFC9DC07}.Debug|x64.Build.0 = Debug|x64
		{A7766394-CB6D-430C-89B8-725BEFC9DC07}.Debug|x86.ActiveCfg = Debug|x86
		{A7766394-CB6D-430C-89B8-725BEFC9DC07}.Debug|x86.Build.0 = Debug|x86
		{A7766394-CB6D-430C-89B8-725BEFC9DC07}.Release|Any CPU.ActiveCfg = Release|Any CPU
		{A7766394-CB6D-430C-89B8-725BEFC9DC07}.Release|Any CPU.Build.0 = Release|Any CPU
		{A7766394-CB6D-430C-89B8-725BEFC9DC07}.Release|x64.ActiveCfg = Release|x64
		{A7766394-CB6D-430C-89B8-725BEFC9DC07}.Release|x64.Build.0 = Release|x64
		{A7766394-CB6D-430C-89B8-725BEFC9DC07}.Release|x86.ActiveCfg = Release|x86
		{A7766394-CB6D-430C-89B8-725BEFC9DC07}.Release|x86.Build.0 = Release|x86
		{EA95D46A-2BB0-41C6-A7D5-BA9A306C0132}.Debug|Any CPU.ActiveCfg = Debug|Any CPU
		{EA95D46A-2BB0-41C6-A7D5-BA9A306C0132}.Debug|Any CPU.Build.0 = Debug|Any CPU
		{EA95D46A-2BB0-41C6-A7D5-BA9A306C0132}.Debug|x64.ActiveCfg = Debug|x64
		{EA95D46A-2BB0-41C6-A7D5-BA9A306C0132}.Debug|x64.Build.0 = Debug|x64
		{EA95D46A-2BB0-41C6-A7D5-BA9A306C0132}.Debug|x86.ActiveCfg = Debug|x86
		{EA95D46A-2BB0-41C6-A7D5-BA9A306C0132}.Debug|x86.Build.0 = Debug|x86
		{EA95D46A-2BB0-41C6-A7D5-BA9A306C0132}.Release|Any CPU.ActiveCfg = Release|Any CPU
		{EA95D46A-2BB0-41C6-A7D5-BA9A306C0132}.Release|Any CPU.Build.0 = Release|Any CPU
		{EA95D46A-2BB0-41C6-A7D5-BA9A306C0132}.Release|x64.ActiveCfg = Release|x64
		{EA95D46A-2BB0-41C6-A7D5-BA9A306C0132}.Release|x64.Build.0 = Release|x64
		{EA95D46A-2BB0-41C6-A7D5-BA9A306C0132}.Release|x86.ActiveCfg = Release|x86
		{EA95D46A-2BB0-41C6-A7D5-BA9A306C0132}.Release|x86.Build.0 = Release|x86
		{9BE841C7-D495-4BD0-8B8F-A4E292F01D5A}.Debug|Any CPU.ActiveCfg = Debug|Any CPU
		{9BE841C7-D495-4BD0-8B8F-A4E292F01D5A}.Debug|Any CPU.Build.0 = Debug|Any CPU
		{9BE841C7-D495-4BD0-8B8F-A4E292F01D5A}.Debug|x64.ActiveCfg = Debug|x64
		{9BE841C7-D495-4BD0-8B8F-A4E292F01D5A}.Debug|x64.Build.0 = Debug|x64
		{9BE841C7-D495-4BD0-8B8F-A4E292F01D5A}.Debug|x86.ActiveCfg = Debug|x86
		{9BE841C7-D495-4BD0-8B8F-A4E292F01D5A}.Debug|x86.Build.0 = Debug|x86
		{9BE841C7-D495-4BD0-8B8F-A4E292F01D5A}.Release|Any CPU.ActiveCfg = Release|Any CPU
		{9BE841C7-D495-4BD0-8B8F-A4E292F01D5A}.Release|Any CPU.Build.0 = Release|Any CPU
		{9BE841C7-D495-4BD0-8B8F-A4E292F01D5A}.Release|x64.ActiveCfg = Release|x64
		{9BE841C7-D495-4BD0-8B8F-A4E292F01D5A}.Release|x64.Build.0 = Release|x64
		{9BE841C7-D495-4BD0-8B8F-A4E292F01D5A}.Release|x86.ActiveCfg = Release|x86
		{9BE841C7-D495-4BD0-8B8F-A4E292F01D5A}.Release|x86.Build.0 = Release|x86
		{A0D5BB0B-4FE8-45BD-A69D-B2948C9B78E7}.Debug|Any CPU.ActiveCfg = Debug|Any CPU
		{A0D5BB0B-4FE8-45BD-A69D-B2948C9B78E7}.Debug|Any CPU.Build.0 = Debug|Any CPU
		{A0D5BB0B-4FE8-45BD-A69D-B2948C9B78E7}.Debug|x64.ActiveCfg = Debug|x64
		{A0D5BB0B-4FE8-45BD-A69D-B2948C9B78E7}.Debug|x64.Build.0 = Debug|x64
		{A0D5BB0B-4FE8-45BD-A69D-B2948C9B78E7}.Debug|x86.ActiveCfg = Debug|x86
		{A0D5BB0B-4FE8-45BD-A69D-B2948C9B78E7}.Debug|x86.Build.0 = Debug|x86
		{A0D5BB0B-4FE8-45BD-A69D-B2948C9B78E7}.Release|Any CPU.ActiveCfg = Release|Any CPU
		{A0D5BB0B-4FE8-45BD-A69D-B2948C9B78E7}.Release|Any CPU.Build.0 = Release|Any CPU
		{A0D5BB0B-4FE8-45BD-A69D-B2948C9B78E7}.Release|x64.ActiveCfg = Release|x64
		{A0D5BB0B-4FE8-45BD-A69D-B2948C9B78E7}.Release|x64.Build.0 = Release|x64
		{A0D5BB0B-4FE8-45BD-A69D-B2948C9B78E7}.Release|x86.ActiveCfg = Release|x86
		{A0D5BB0B-4FE8-45BD-A69D-B2948C9B78E7}.Release|x86.Build.0 = Release|x86
		{CBC0168D-025C-4EF4-B8A6-238F341BA396}.Debug|Any CPU.ActiveCfg = Debug|Any CPU
		{CBC0168D-025C-4EF4-B8A6-238F341BA396}.Debug|Any CPU.Build.0 = Debug|Any CPU
		{CBC0168D-025C-4EF4-B8A6-238F341BA396}.Debug|x64.ActiveCfg = Debug|x64
		{CBC0168D-025C-4EF4-B8A6-238F341BA396}.Debug|x64.Build.0 = Debug|x64
		{CBC0168D-025C-4EF4-B8A6-238F341BA396}.Debug|x86.ActiveCfg = Debug|x86
		{CBC0168D-025C-4EF4-B8A6-238F341BA396}.Debug|x86.Build.0 = Debug|x86
		{CBC0168D-025C-4EF4-B8A6-238F341BA396}.Release|Any CPU.ActiveCfg = Release|Any CPU
		{CBC0168D-025C-4EF4-B8A6-238F341BA396}.Release|Any CPU.Build.0 = Release|Any CPU
		{CBC0168D-025C-4EF4-B8A6-238F341BA396}.Release|x64.ActiveCfg = Release|x64
		{CBC0168D-025C-4EF4-B8A6-238F341BA396}.Release|x64.Build.0 = Release|x64
		{CBC0168D-025C-4EF4-B8A6-238F341BA396}.Release|x86.ActiveCfg = Release|x86
		{CBC0168D-025C-4EF4-B8A6-238F341BA396}.Release|x86.Build.0 = Release|x86
		{2F4ADA5E-9BEE-45FC-8A95-EC8DEB839C3D}.Debug|Any CPU.ActiveCfg = Debug|Any CPU
		{2F4ADA5E-9BEE-45FC-8A95-EC8DEB839C3D}.Debug|Any CPU.Build.0 = Debug|Any CPU
		{2F4ADA5E-9BEE-45FC-8A95-EC8DEB839C3D}.Debug|x64.ActiveCfg = Debug|x64
		{2F4ADA5E-9BEE-45FC-8A95-EC8DEB839C3D}.Debug|x64.Build.0 = Debug|x64
		{2F4ADA5E-9BEE-45FC-8A95-EC8DEB839C3D}.Debug|x86.ActiveCfg = Debug|x86
		{2F4ADA5E-9BEE-45FC-8A95-EC8DEB839C3D}.Debug|x86.Build.0 = Debug|x86
		{2F4ADA5E-9BEE-45FC-8A95-EC8DEB839C3D}.Release|Any CPU.ActiveCfg = Release|Any CPU
		{2F4ADA5E-9BEE-45FC-8A95-EC8DEB839C3D}.Release|Any CPU.Build.0 = Release|Any CPU
		{2F4ADA5E-9BEE-45FC-8A95-EC8DEB839C3D}.Release|x64.ActiveCfg = Release|x64
		{2F4ADA5E-9BEE-45FC-8A95-EC8DEB839C3D}.Release|x64.Build.0 = Release|x64
		{2F4ADA5E-9BEE-45FC-8A95-EC8DEB839C3D}.Release|x86.ActiveCfg = Release|x86
		{2F4ADA5E-9BEE-45FC-8A95-EC8DEB839C3D}.Release|x86.Build.0 = Release|x86
		{A0FD48DC-C445-4742-81F9-E1D27D8503FA}.Debug|Any CPU.ActiveCfg = Debug|Any CPU
		{A0FD48DC-C445-4742-81F9-E1D27D8503FA}.Debug|Any CPU.Build.0 = Debug|Any CPU
		{A0FD48DC-C445-4742-81F9-E1D27D8503FA}.Debug|x64.ActiveCfg = Debug|x64
		{A0FD48DC-C445-4742-81F9-E1D27D8503FA}.Debug|x64.Build.0 = Debug|x64
		{A0FD48DC-C445-4742-81F9-E1D27D8503FA}.Debug|x86.ActiveCfg = Debug|x86
		{A0FD48DC-C445-4742-81F9-E1D27D8503FA}.Debug|x86.Build.0 = Debug|x86
		{A0FD48DC-C445-4742-81F9-E1D27D8503FA}.Release|Any CPU.ActiveCfg = Release|Any CPU
		{A0FD48DC-C445-4742-81F9-E1D27D8503FA}.Release|Any CPU.Build.0 = Release|Any CPU
		{A0FD48DC-C445-4742-81F9-E1D27D8503FA}.Release|x64.ActiveCfg = Release|x64
		{A0FD48DC-C445-4742-81F9-E1D27D8503FA}.Release|x64.Build.0 = Release|x64
		{A0FD48DC-C445-4742-81F9-E1D27D8503FA}.Release|x86.ActiveCfg = Release|x86
		{A0FD48DC-C445-4742-81F9-E1D27D8503FA}.Release|x86.Build.0 = Release|x86
		{4AAB4559-A551-47D6-AD52-A8011085AC45}.Debug|Any CPU.ActiveCfg = Debug|Any CPU
		{4AAB4559-A551-47D6-AD52-A8011085AC45}.Debug|Any CPU.Build.0 = Debug|Any CPU
		{4AAB4559-A551-47D6-AD52-A8011085AC45}.Debug|x64.ActiveCfg = Debug|x64
		{4AAB4559-A551-47D6-AD52-A8011085AC45}.Debug|x64.Build.0 = Debug|x64
		{4AAB4559-A551-47D6-AD52-A8011085AC45}.Debug|x86.ActiveCfg = Debug|x86
		{4AAB4559-A551-47D6-AD52-A8011085AC45}.Debug|x86.Build.0 = Debug|x86
		{4AAB4559-A551-47D6-AD52-A8011085AC45}.Release|Any CPU.ActiveCfg = Release|Any CPU
		{4AAB4559-A551-47D6-AD52-A8011085AC45}.Release|Any CPU.Build.0 = Release|Any CPU
		{4AAB4559-A551-47D6-AD52-A8011085AC45}.Release|x64.ActiveCfg = Release|x64
		{4AAB4559-A551-47D6-AD52-A8011085AC45}.Release|x64.Build.0 = Release|x64
		{4AAB4559-A551-47D6-AD52-A8011085AC45}.Release|x86.ActiveCfg = Release|x86
		{4AAB4559-A551-47D6-AD52-A8011085AC45}.Release|x86.Build.0 = Release|x86
		{AFC81D47-4405-4A69-9B59-C93E254F8650}.Debug|Any CPU.ActiveCfg = Debug|Any CPU
		{AFC81D47-4405-4A69-9B59-C93E254F8650}.Debug|Any CPU.Build.0 = Debug|Any CPU
		{AFC81D47-4405-4A69-9B59-C93E254F8650}.Debug|x64.ActiveCfg = Debug|Any CPU
		{AFC81D47-4405-4A69-9B59-C93E254F8650}.Debug|x86.ActiveCfg = Debug|Any CPU
		{AFC81D47-4405-4A69-9B59-C93E254F8650}.Release|Any CPU.ActiveCfg = Release|Any CPU
		{AFC81D47-4405-4A69-9B59-C93E254F8650}.Release|Any CPU.Build.0 = Release|Any CPU
		{AFC81D47-4405-4A69-9B59-C93E254F8650}.Release|x64.ActiveCfg = Release|Any CPU
		{AFC81D47-4405-4A69-9B59-C93E254F8650}.Release|x86.ActiveCfg = Release|Any CPU
		{0B78CFB2-8723-4851-8FE7-46BA758B4B63}.Debug|Any CPU.ActiveCfg = Debug|Any CPU
		{0B78CFB2-8723-4851-8FE7-46BA758B4B63}.Debug|Any CPU.Build.0 = Debug|Any CPU
		{0B78CFB2-8723-4851-8FE7-46BA758B4B63}.Debug|x64.ActiveCfg = Debug|Any CPU
		{0B78CFB2-8723-4851-8FE7-46BA758B4B63}.Debug|x86.ActiveCfg = Debug|Any CPU
		{0B78CFB2-8723-4851-8FE7-46BA758B4B63}.Release|Any CPU.ActiveCfg = Release|Any CPU
		{0B78CFB2-8723-4851-8FE7-46BA758B4B63}.Release|Any CPU.Build.0 = Release|Any CPU
		{0B78CFB2-8723-4851-8FE7-46BA758B4B63}.Release|x64.ActiveCfg = Release|Any CPU
		{0B78CFB2-8723-4851-8FE7-46BA758B4B63}.Release|x64.Build.0 = Release|Any CPU
		{0B78CFB2-8723-4851-8FE7-46BA758B4B63}.Release|x86.ActiveCfg = Release|Any CPU
		{0B78CFB2-8723-4851-8FE7-46BA758B4B63}.Release|x86.Build.0 = Release|Any CPU
		{1F46A93E-E89D-42A4-9510-D038CD7B2733}.Debug|Any CPU.ActiveCfg = Debug|Any CPU
		{1F46A93E-E89D-42A4-9510-D038CD7B2733}.Debug|Any CPU.Build.0 = Debug|Any CPU
		{1F46A93E-E89D-42A4-9510-D038CD7B2733}.Debug|x64.ActiveCfg = Debug|x64
		{1F46A93E-E89D-42A4-9510-D038CD7B2733}.Debug|x64.Build.0 = Debug|x64
		{1F46A93E-E89D-42A4-9510-D038CD7B2733}.Debug|x86.ActiveCfg = Debug|x86
		{1F46A93E-E89D-42A4-9510-D038CD7B2733}.Debug|x86.Build.0 = Debug|x86
		{1F46A93E-E89D-42A4-9510-D038CD7B2733}.Release|Any CPU.ActiveCfg = Release|Any CPU
		{1F46A93E-E89D-42A4-9510-D038CD7B2733}.Release|Any CPU.Build.0 = Release|Any CPU
		{1F46A93E-E89D-42A4-9510-D038CD7B2733}.Release|x64.ActiveCfg = Release|x64
		{1F46A93E-E89D-42A4-9510-D038CD7B2733}.Release|x64.Build.0 = Release|x64
		{1F46A93E-E89D-42A4-9510-D038CD7B2733}.Release|x86.ActiveCfg = Release|x86
		{1F46A93E-E89D-42A4-9510-D038CD7B2733}.Release|x86.Build.0 = Release|x86
		{6FB933FF-29A7-41C5-B47D-298F82AAA0EC}.Debug|Any CPU.ActiveCfg = Debug|Any CPU
		{6FB933FF-29A7-41C5-B47D-298F82AAA0EC}.Debug|Any CPU.Build.0 = Debug|Any CPU
		{6FB933FF-29A7-41C5-B47D-298F82AAA0EC}.Debug|x64.ActiveCfg = Debug|x64
		{6FB933FF-29A7-41C5-B47D-298F82AAA0EC}.Debug|x64.Build.0 = Debug|x64
		{6FB933FF-29A7-41C5-B47D-298F82AAA0EC}.Debug|x86.ActiveCfg = Debug|x86
		{6FB933FF-29A7-41C5-B47D-298F82AAA0EC}.Debug|x86.Build.0 = Debug|x86
		{6FB933FF-29A7-41C5-B47D-298F82AAA0EC}.Release|Any CPU.ActiveCfg = Release|Any CPU
		{6FB933FF-29A7-41C5-B47D-298F82AAA0EC}.Release|Any CPU.Build.0 = Release|Any CPU
		{6FB933FF-29A7-41C5-B47D-298F82AAA0EC}.Release|x64.ActiveCfg = Release|x64
		{6FB933FF-29A7-41C5-B47D-298F82AAA0EC}.Release|x64.Build.0 = Release|x64
		{6FB933FF-29A7-41C5-B47D-298F82AAA0EC}.Release|x86.ActiveCfg = Release|x86
		{6FB933FF-29A7-41C5-B47D-298F82AAA0EC}.Release|x86.Build.0 = Release|x86
		{8794CDE8-91DE-45B4-A6FD-4EA2D351FBB8}.Debug|Any CPU.ActiveCfg = Debug|Any CPU
		{8794CDE8-91DE-45B4-A6FD-4EA2D351FBB8}.Debug|Any CPU.Build.0 = Debug|Any CPU
		{8794CDE8-91DE-45B4-A6FD-4EA2D351FBB8}.Debug|x64.ActiveCfg = Debug|x64
		{8794CDE8-91DE-45B4-A6FD-4EA2D351FBB8}.Debug|x64.Build.0 = Debug|x64
		{8794CDE8-91DE-45B4-A6FD-4EA2D351FBB8}.Debug|x86.ActiveCfg = Debug|x86
		{8794CDE8-91DE-45B4-A6FD-4EA2D351FBB8}.Debug|x86.Build.0 = Debug|x86
		{8794CDE8-91DE-45B4-A6FD-4EA2D351FBB8}.Release|Any CPU.ActiveCfg = Release|Any CPU
		{8794CDE8-91DE-45B4-A6FD-4EA2D351FBB8}.Release|Any CPU.Build.0 = Release|Any CPU
		{8794CDE8-91DE-45B4-A6FD-4EA2D351FBB8}.Release|x64.ActiveCfg = Release|x64
		{8794CDE8-91DE-45B4-A6FD-4EA2D351FBB8}.Release|x64.Build.0 = Release|x64
		{8794CDE8-91DE-45B4-A6FD-4EA2D351FBB8}.Release|x86.ActiveCfg = Release|x86
		{8794CDE8-91DE-45B4-A6FD-4EA2D351FBB8}.Release|x86.Build.0 = Release|x86
		{9D4AEC27-73C0-4946-83ED-ECC7652C6B0D}.Debug|Any CPU.ActiveCfg = Debug|Any CPU
		{9D4AEC27-73C0-4946-83ED-ECC7652C6B0D}.Debug|Any CPU.Build.0 = Debug|Any CPU
		{9D4AEC27-73C0-4946-83ED-ECC7652C6B0D}.Debug|x64.ActiveCfg = Debug|Any CPU
		{9D4AEC27-73C0-4946-83ED-ECC7652C6B0D}.Debug|x64.Build.0 = Debug|Any CPU
		{9D4AEC27-73C0-4946-83ED-ECC7652C6B0D}.Debug|x86.ActiveCfg = Debug|Any CPU
		{9D4AEC27-73C0-4946-83ED-ECC7652C6B0D}.Debug|x86.Build.0 = Debug|Any CPU
		{9D4AEC27-73C0-4946-83ED-ECC7652C6B0D}.Release|Any CPU.ActiveCfg = Release|Any CPU
		{9D4AEC27-73C0-4946-83ED-ECC7652C6B0D}.Release|Any CPU.Build.0 = Release|Any CPU
		{9D4AEC27-73C0-4946-83ED-ECC7652C6B0D}.Release|x64.ActiveCfg = Release|Any CPU
		{9D4AEC27-73C0-4946-83ED-ECC7652C6B0D}.Release|x64.Build.0 = Release|Any CPU
		{9D4AEC27-73C0-4946-83ED-ECC7652C6B0D}.Release|x86.ActiveCfg = Release|Any CPU
		{9D4AEC27-73C0-4946-83ED-ECC7652C6B0D}.Release|x86.Build.0 = Release|Any CPU
		{0658A0F9-7D37-4ADC-A3D3-E59488DB09F0}.Debug|Any CPU.ActiveCfg = Debug|Any CPU
		{0658A0F9-7D37-4ADC-A3D3-E59488DB09F0}.Debug|Any CPU.Build.0 = Debug|Any CPU
		{0658A0F9-7D37-4ADC-A3D3-E59488DB09F0}.Debug|x64.ActiveCfg = Debug|Any CPU
		{0658A0F9-7D37-4ADC-A3D3-E59488DB09F0}.Debug|x64.Build.0 = Debug|Any CPU
		{0658A0F9-7D37-4ADC-A3D3-E59488DB09F0}.Debug|x86.ActiveCfg = Debug|Any CPU
		{0658A0F9-7D37-4ADC-A3D3-E59488DB09F0}.Debug|x86.Build.0 = Debug|Any CPU
		{0658A0F9-7D37-4ADC-A3D3-E59488DB09F0}.Release|Any CPU.ActiveCfg = Release|Any CPU
		{0658A0F9-7D37-4ADC-A3D3-E59488DB09F0}.Release|Any CPU.Build.0 = Release|Any CPU
		{0658A0F9-7D37-4ADC-A3D3-E59488DB09F0}.Release|x64.ActiveCfg = Release|Any CPU
		{0658A0F9-7D37-4ADC-A3D3-E59488DB09F0}.Release|x64.Build.0 = Release|Any CPU
		{0658A0F9-7D37-4ADC-A3D3-E59488DB09F0}.Release|x86.ActiveCfg = Release|Any CPU
		{0658A0F9-7D37-4ADC-A3D3-E59488DB09F0}.Release|x86.Build.0 = Release|Any CPU
		{2F4D57BD-8FF2-4A37-B5C3-FE0F699751E3}.Debug|Any CPU.ActiveCfg = Debug|Any CPU
		{2F4D57BD-8FF2-4A37-B5C3-FE0F699751E3}.Debug|Any CPU.Build.0 = Debug|Any CPU
		{2F4D57BD-8FF2-4A37-B5C3-FE0F699751E3}.Debug|x64.ActiveCfg = Debug|Any CPU
		{2F4D57BD-8FF2-4A37-B5C3-FE0F699751E3}.Debug|x64.Build.0 = Debug|Any CPU
		{2F4D57BD-8FF2-4A37-B5C3-FE0F699751E3}.Debug|x86.ActiveCfg = Debug|Any CPU
		{2F4D57BD-8FF2-4A37-B5C3-FE0F699751E3}.Debug|x86.Build.0 = Debug|Any CPU
		{2F4D57BD-8FF2-4A37-B5C3-FE0F699751E3}.Release|Any CPU.ActiveCfg = Release|Any CPU
		{2F4D57BD-8FF2-4A37-B5C3-FE0F699751E3}.Release|Any CPU.Build.0 = Release|Any CPU
		{2F4D57BD-8FF2-4A37-B5C3-FE0F699751E3}.Release|x64.ActiveCfg = Release|Any CPU
		{2F4D57BD-8FF2-4A37-B5C3-FE0F699751E3}.Release|x64.Build.0 = Release|Any CPU
		{2F4D57BD-8FF2-4A37-B5C3-FE0F699751E3}.Release|x86.ActiveCfg = Release|Any CPU
		{2F4D57BD-8FF2-4A37-B5C3-FE0F699751E3}.Release|x86.Build.0 = Release|Any CPU
		{7BCB573E-9D1B-405A-BEA4-AB772C1E046F}.Debug|Any CPU.ActiveCfg = Debug|Any CPU
		{7BCB573E-9D1B-405A-BEA4-AB772C1E046F}.Debug|Any CPU.Build.0 = Debug|Any CPU
		{7BCB573E-9D1B-405A-BEA4-AB772C1E046F}.Debug|x64.ActiveCfg = Debug|Any CPU
		{7BCB573E-9D1B-405A-BEA4-AB772C1E046F}.Debug|x64.Build.0 = Debug|Any CPU
		{7BCB573E-9D1B-405A-BEA4-AB772C1E046F}.Debug|x86.ActiveCfg = Debug|Any CPU
		{7BCB573E-9D1B-405A-BEA4-AB772C1E046F}.Debug|x86.Build.0 = Debug|Any CPU
		{7BCB573E-9D1B-405A-BEA4-AB772C1E046F}.Release|Any CPU.ActiveCfg = Release|Any CPU
		{7BCB573E-9D1B-405A-BEA4-AB772C1E046F}.Release|Any CPU.Build.0 = Release|Any CPU
		{7BCB573E-9D1B-405A-BEA4-AB772C1E046F}.Release|x64.ActiveCfg = Release|Any CPU
		{7BCB573E-9D1B-405A-BEA4-AB772C1E046F}.Release|x64.Build.0 = Release|Any CPU
		{7BCB573E-9D1B-405A-BEA4-AB772C1E046F}.Release|x86.ActiveCfg = Release|Any CPU
		{7BCB573E-9D1B-405A-BEA4-AB772C1E046F}.Release|x86.Build.0 = Release|Any CPU
		{E40FA8C5-7FF3-43D4-BC90-FCCACC358A60}.Debug|Any CPU.ActiveCfg = Debug|Any CPU
		{E40FA8C5-7FF3-43D4-BC90-FCCACC358A60}.Debug|Any CPU.Build.0 = Debug|Any CPU
		{E40FA8C5-7FF3-43D4-BC90-FCCACC358A60}.Debug|x64.ActiveCfg = Debug|Any CPU
		{E40FA8C5-7FF3-43D4-BC90-FCCACC358A60}.Debug|x64.Build.0 = Debug|Any CPU
		{E40FA8C5-7FF3-43D4-BC90-FCCACC358A60}.Debug|x86.ActiveCfg = Debug|Any CPU
		{E40FA8C5-7FF3-43D4-BC90-FCCACC358A60}.Debug|x86.Build.0 = Debug|Any CPU
		{E40FA8C5-7FF3-43D4-BC90-FCCACC358A60}.Release|Any CPU.ActiveCfg = Release|Any CPU
		{E40FA8C5-7FF3-43D4-BC90-FCCACC358A60}.Release|Any CPU.Build.0 = Release|Any CPU
		{E40FA8C5-7FF3-43D4-BC90-FCCACC358A60}.Release|x64.ActiveCfg = Release|Any CPU
		{E40FA8C5-7FF3-43D4-BC90-FCCACC358A60}.Release|x64.Build.0 = Release|Any CPU
		{E40FA8C5-7FF3-43D4-BC90-FCCACC358A60}.Release|x86.ActiveCfg = Release|Any CPU
		{E40FA8C5-7FF3-43D4-BC90-FCCACC358A60}.Release|x86.Build.0 = Release|Any CPU
		{9AD0B9B2-F03E-4CF2-B889-2BC4B33B7E06}.Debug|Any CPU.ActiveCfg = Debug|Any CPU
		{9AD0B9B2-F03E-4CF2-B889-2BC4B33B7E06}.Debug|Any CPU.Build.0 = Debug|Any CPU
		{9AD0B9B2-F03E-4CF2-B889-2BC4B33B7E06}.Debug|x64.ActiveCfg = Debug|Any CPU
		{9AD0B9B2-F03E-4CF2-B889-2BC4B33B7E06}.Debug|x64.Build.0 = Debug|Any CPU
		{9AD0B9B2-F03E-4CF2-B889-2BC4B33B7E06}.Debug|x86.ActiveCfg = Debug|Any CPU
		{9AD0B9B2-F03E-4CF2-B889-2BC4B33B7E06}.Debug|x86.Build.0 = Debug|Any CPU
		{9AD0B9B2-F03E-4CF2-B889-2BC4B33B7E06}.Release|Any CPU.ActiveCfg = Release|Any CPU
		{9AD0B9B2-F03E-4CF2-B889-2BC4B33B7E06}.Release|Any CPU.Build.0 = Release|Any CPU
		{9AD0B9B2-F03E-4CF2-B889-2BC4B33B7E06}.Release|x64.ActiveCfg = Release|Any CPU
		{9AD0B9B2-F03E-4CF2-B889-2BC4B33B7E06}.Release|x64.Build.0 = Release|Any CPU
		{9AD0B9B2-F03E-4CF2-B889-2BC4B33B7E06}.Release|x86.ActiveCfg = Release|Any CPU
		{9AD0B9B2-F03E-4CF2-B889-2BC4B33B7E06}.Release|x86.Build.0 = Release|Any CPU
		{5C8CB905-273D-473A-8998-697E5095F280}.Debug|Any CPU.ActiveCfg = Debug|Any CPU
		{5C8CB905-273D-473A-8998-697E5095F280}.Debug|Any CPU.Build.0 = Debug|Any CPU
		{5C8CB905-273D-473A-8998-697E5095F280}.Debug|x64.ActiveCfg = Debug|Any CPU
		{5C8CB905-273D-473A-8998-697E5095F280}.Debug|x64.Build.0 = Debug|Any CPU
		{5C8CB905-273D-473A-8998-697E5095F280}.Debug|x86.ActiveCfg = Debug|Any CPU
		{5C8CB905-273D-473A-8998-697E5095F280}.Debug|x86.Build.0 = Debug|Any CPU
		{5C8CB905-273D-473A-8998-697E5095F280}.Release|Any CPU.ActiveCfg = Release|Any CPU
		{5C8CB905-273D-473A-8998-697E5095F280}.Release|Any CPU.Build.0 = Release|Any CPU
		{5C8CB905-273D-473A-8998-697E5095F280}.Release|x64.ActiveCfg = Release|Any CPU
		{5C8CB905-273D-473A-8998-697E5095F280}.Release|x64.Build.0 = Release|Any CPU
		{5C8CB905-273D-473A-8998-697E5095F280}.Release|x86.ActiveCfg = Release|Any CPU
		{5C8CB905-273D-473A-8998-697E5095F280}.Release|x86.Build.0 = Release|Any CPU
	EndGlobalSection
	GlobalSection(SolutionProperties) = preSolution
		HideSolutionNode = FALSE
	EndGlobalSection
	GlobalSection(NestedProjects) = preSolution
		{9BE841C7-D495-4BD0-8B8F-A4E292F01D5A} = {11D1C092-BCA4-4D7D-8D81-D950E0E35138}
		{A0D5BB0B-4FE8-45BD-A69D-B2948C9B78E7} = {11D1C092-BCA4-4D7D-8D81-D950E0E35138}
	EndGlobalSection
	GlobalSection(ExtensibilityGlobals) = postSolution
		SolutionGuid = {76B79D31-9398-4008-95EE-19EC4EE65B23}
	EndGlobalSection
EndGlobal
