
Microsoft Visual Studio Solution File, Format Version 12.00
# Visual Studio Version 16
VisualStudioVersion = 16.0.29920.165
MinimumVisualStudioVersion = 10.0.40219.1
Project("{FAE04EC0-301F-11D3-BF4B-00C04F79EFBC}") = "WinformTest1", "WinformTest1\WinformTest1.csproj", "{F95BE817-D96C-43CF-9C7A-D06BF8903695}"
EndProject
Project("{FAE04EC0-301F-11D3-BF4B-00C04F79EFBC}") = "WindowsFormsApp2", "WindowsFormsApp2\WindowsFormsApp2.csproj", "{02270EF9-A66A-4D49-89D0-D7594EDBFE31}"
EndProject
Project("{FAE04EC0-301F-11D3-BF4B-00C04F79EFBC}") = "ProgressBar进度条", "ProgressBar进度条\ProgressBar进度条.csproj", "{3C260D7C-C46B-46A7-B0E1-2CFB7372E8E5}"
EndProject
Project("{FAE04EC0-301F-11D3-BF4B-00C04F79EFBC}") = "MD5Test", "MD5\MD5Test.csproj", "{BA158692-60FF-4473-B2F1-0FADBA4B3B1B}"
EndProject
Project("{FAE04EC0-301F-11D3-BF4B-00C04F79EFBC}") = "Split的六种重载", "导出Excel\Split的六种重载.csproj", "{BD0BA5F1-82E8-4EAD-99A1-F4F952D4032C}"
EndProject
Project("{FAE04EC0-301F-11D3-BF4B-00C04F79EFBC}") = "导出ExcelDemo", "导出ExcelDemo\导出ExcelDemo.csproj", "{A88CF7E6-8649-44FC-B5FB-FD870E1D5F9E}"
EndProject
Project("{FAE04EC0-301F-11D3-BF4B-00C04F79EFBC}") = "Http系列", "Http系列\Http系列.csproj", "{C714AFB0-DF55-4B4E-91E2-49C5B8FC2C7E}"
EndProject
Project("{FAE04EC0-301F-11D3-BF4B-00C04F79EFBC}") = "多线程", "多线程\多线程.csproj", "{799F6A93-A796-4566-BBA3-F517CD3EB102}"
EndProject
Project("{FAE04EC0-301F-11D3-BF4B-00C04F79EFBC}") = "进程", "进程\进程.csproj", "{4C8B4FF1-9CFE-4885-A83B-B2C148E66927}"
EndProject
Project("{FAE04EC0-301F-11D3-BF4B-00C04F79EFBC}") = "socket服务端", "socket服务端\socket服务端.csproj", "{A7766394-CB6D-430C-89B8-725BEFC9DC07}"
EndProject
Project("{FAE04EC0-301F-11D3-BF4B-00C04F79EFBC}") = "LInq+Lambda", "LInq+Lambda\LInq+Lambda.csproj", "{EA95D46A-2BB0-41C6-A7D5-BA9A306C0132}"
EndProject
Project("{FAE04EC0-301F-11D3-BF4B-00C04F79EFBC}") = "YieldReturn关键字", "YieldReturn关键字\YieldReturn关键字.csproj", "{9BE841C7-D495-4BD0-8B8F-A4E292F01D5A}"
EndProject
Project("{2150E333-8FDC-42A3-9474-1A3956D46DE8}") = "yeild关键字", "yeild关键字", "{11D1C092-BCA4-4D7D-8D81-D950E0E35138}"
EndProject
Project("{FAE04EC0-301F-11D3-BF4B-00C04F79EFBC}") = "Yiele返回", "Yiele返回\Yiele返回.csproj", "{A0D5BB0B-4FE8-45BD-A69D-B2948C9B78E7}"
EndProject
Project("{FAE04EC0-301F-11D3-BF4B-00C04F79EFBC}") = "WcfServiceDemo", "WcfServiceDemo\WcfServiceDemo.csproj", "{CBC0168D-025C-4EF4-B8A6-238F341BA396}"
EndProject
Project("{FAE04EC0-301F-11D3-BF4B-00C04F79EFBC}") = "WpfDemo", "WpfDemo\WpfDemo.csproj", "{2F4ADA5E-9BEE-45FC-8A95-EC8DEB839C3D}"
EndProject
Project("{FAE04EC0-301F-11D3-BF4B-00C04F79EFBC}") = "TabControll", "TabControll\TabControll.csproj", "{A0FD48DC-C445-4742-81F9-E1D27D8503FA}"
EndProject
Project("{FAE04EC0-301F-11D3-BF4B-00C04F79EFBC}") = "多态", "多态\多态.csproj", "{4AAB4559-A551-47D6-AD52-A8011085AC45}"
EndProject
Project("{FAE04EC0-301F-11D3-BF4B-00C04F79EFBC}") = "播放器", "播放器\播放器.csproj", "{AFC81D47-4405-4A69-9B59-C93E254F8650}"
EndProject
Project("{F184B08F-C81C-45F6-A57F-5ABD9991F28F}") = "WindowsApp1", "WindowsApp1\WindowsApp1.vbproj", "{EEF20E25-B2A2-4785-BE79-0628F0F740BE}"
EndProject
Global
	GlobalSection(SolutionConfigurationPlatforms) = preSolution
		Debug|Any CPU = Debug|Any CPU
		Release|Any CPU = Release|Any CPU
	EndGlobalSection
	GlobalSection(ProjectConfigurationPlatforms) = postSolution
		{F95BE817-D96C-43CF-9C7A-D06BF8903695}.Debug|Any CPU.ActiveCfg = Debug|Any CPU
		{F95BE817-D96C-43CF-9C7A-D06BF8903695}.Debug|Any CPU.Build.0 = Debug|Any CPU
		{F95BE817-D96C-43CF-9C7A-D06BF8903695}.Release|Any CPU.ActiveCfg = Release|Any CPU
		{F95BE817-D96C-43CF-9C7A-D06BF8903695}.Release|Any CPU.Build.0 = Release|Any CPU
		{02270EF9-A66A-4D49-89D0-D7594EDBFE31}.Debug|Any CPU.ActiveCfg = Debug|Any CPU
		{02270EF9-A66A-4D49-89D0-D7594EDBFE31}.Debug|Any CPU.Build.0 = Debug|Any CPU
		{02270EF9-A66A-4D49-89D0-D7594EDBFE31}.Release|Any CPU.ActiveCfg = Release|Any CPU
		{02270EF9-A66A-4D49-89D0-D7594EDBFE31}.Release|Any CPU.Build.0 = Release|Any CPU
		{3C260D7C-C46B-46A7-B0E1-2CFB7372E8E5}.Debug|Any CPU.ActiveCfg = Debug|Any CPU
		{3C260D7C-C46B-46A7-B0E1-2CFB7372E8E5}.Debug|Any CPU.Build.0 = Debug|Any CPU
		{3C260D7C-C46B-46A7-B0E1-2CFB7372E8E5}.Release|Any CPU.ActiveCfg = Release|Any CPU
		{3C260D7C-C46B-46A7-B0E1-2CFB7372E8E5}.Release|Any CPU.Build.0 = Release|Any CPU
		{BA158692-60FF-4473-B2F1-0FADBA4B3B1B}.Debug|Any CPU.ActiveCfg = Debug|Any CPU
		{BA158692-60FF-4473-B2F1-0FADBA4B3B1B}.Debug|Any CPU.Build.0 = Debug|Any CPU
		{BA158692-60FF-4473-B2F1-0FADBA4B3B1B}.Release|Any CPU.ActiveCfg = Release|Any CPU
		{BA158692-60FF-4473-B2F1-0FADBA4B3B1B}.Release|Any CPU.Build.0 = Release|Any CPU
		{BD0BA5F1-82E8-4EAD-99A1-F4F952D4032C}.Debug|Any CPU.ActiveCfg = Debug|Any CPU
		{BD0BA5F1-82E8-4EAD-99A1-F4F952D4032C}.Debug|Any CPU.Build.0 = Debug|Any CPU
		{BD0BA5F1-82E8-4EAD-99A1-F4F952D4032C}.Release|Any CPU.ActiveCfg = Release|Any CPU
		{BD0BA5F1-82E8-4EAD-99A1-F4F952D4032C}.Release|Any CPU.Build.0 = Release|Any CPU
		{A88CF7E6-8649-44FC-B5FB-FD870E1D5F9E}.Debug|Any CPU.ActiveCfg = Debug|Any CPU
		{A88CF7E6-8649-44FC-B5FB-FD870E1D5F9E}.Debug|Any CPU.Build.0 = Debug|Any CPU
		{A88CF7E6-8649-44FC-B5FB-FD870E1D5F9E}.Release|Any CPU.ActiveCfg = Release|Any CPU
		{A88CF7E6-8649-44FC-B5FB-FD870E1D5F9E}.Release|Any CPU.Build.0 = Release|Any CPU
		{C714AFB0-DF55-4B4E-91E2-49C5B8FC2C7E}.Debug|Any CPU.ActiveCfg = Debug|Any CPU
		{C714AFB0-DF55-4B4E-91E2-49C5B8FC2C7E}.Debug|Any CPU.Build.0 = Debug|Any CPU
		{C714AFB0-DF55-4B4E-91E2-49C5B8FC2C7E}.Release|Any CPU.ActiveCfg = Release|Any CPU
		{C714AFB0-DF55-4B4E-91E2-49C5B8FC2C7E}.Release|Any CPU.Build.0 = Release|Any CPU
		{799F6A93-A796-4566-BBA3-F517CD3EB102}.Debug|Any CPU.ActiveCfg = Debug|Any CPU
		{799F6A93-A796-4566-BBA3-F517CD3EB102}.Debug|Any CPU.Build.0 = Debug|Any CPU
		{799F6A93-A796-4566-BBA3-F517CD3EB102}.Release|Any CPU.ActiveCfg = Release|Any CPU
		{799F6A93-A796-4566-BBA3-F517CD3EB102}.Release|Any CPU.Build.0 = Release|Any CPU
		{4C8B4FF1-9CFE-4885-A83B-B2C148E66927}.Debug|Any CPU.ActiveCfg = Debug|Any CPU
		{4C8B4FF1-9CFE-4885-A83B-B2C148E66927}.Debug|Any CPU.Build.0 = Debug|Any CPU
		{4C8B4FF1-9CFE-4885-A83B-B2C148E66927}.Release|Any CPU.ActiveCfg = Release|Any CPU
		{4C8B4FF1-9CFE-4885-A83B-B2C148E66927}.Release|Any CPU.Build.0 = Release|Any CPU
		{A7766394-CB6D-430C-89B8-725BEFC9DC07}.Debug|Any CPU.ActiveCfg = Debug|Any CPU
		{A7766394-CB6D-430C-89B8-725BEFC9DC07}.Debug|Any CPU.Build.0 = Debug|Any CPU
		{A7766394-CB6D-430C-89B8-725BEFC9DC07}.Release|Any CPU.ActiveCfg = Release|Any CPU
		{A7766394-CB6D-430C-89B8-725BEFC9DC07}.Release|Any CPU.Build.0 = Release|Any CPU
		{EA95D46A-2BB0-41C6-A7D5-BA9A306C0132}.Debug|Any CPU.ActiveCfg = Debug|Any CPU
		{EA95D46A-2BB0-41C6-A7D5-BA9A306C0132}.Debug|Any CPU.Build.0 = Debug|Any CPU
		{EA95D46A-2BB0-41C6-A7D5-BA9A306C0132}.Release|Any CPU.ActiveCfg = Release|Any CPU
		{EA95D46A-2BB0-41C6-A7D5-BA9A306C0132}.Release|Any CPU.Build.0 = Release|Any CPU
		{9BE841C7-D495-4BD0-8B8F-A4E292F01D5A}.Debug|Any CPU.ActiveCfg = Debug|Any CPU
		{9BE841C7-D495-4BD0-8B8F-A4E292F01D5A}.Debug|Any CPU.Build.0 = Debug|Any CPU
		{9BE841C7-D495-4BD0-8B8F-A4E292F01D5A}.Release|Any CPU.ActiveCfg = Release|Any CPU
		{9BE841C7-D495-4BD0-8B8F-A4E292F01D5A}.Release|Any CPU.Build.0 = Release|Any CPU
		{A0D5BB0B-4FE8-45BD-A69D-B2948C9B78E7}.Debug|Any CPU.ActiveCfg = Debug|Any CPU
		{A0D5BB0B-4FE8-45BD-A69D-B2948C9B78E7}.Debug|Any CPU.Build.0 = Debug|Any CPU
		{A0D5BB0B-4FE8-45BD-A69D-B2948C9B78E7}.Release|Any CPU.ActiveCfg = Release|Any CPU
		{A0D5BB0B-4FE8-45BD-A69D-B2948C9B78E7}.Release|Any CPU.Build.0 = Release|Any CPU
		{CBC0168D-025C-4EF4-B8A6-238F341BA396}.Debug|Any CPU.ActiveCfg = Debug|Any CPU
		{CBC0168D-025C-4EF4-B8A6-238F341BA396}.Debug|Any CPU.Build.0 = Debug|Any CPU
		{CBC0168D-025C-4EF4-B8A6-238F341BA396}.Release|Any CPU.ActiveCfg = Release|Any CPU
		{CBC0168D-025C-4EF4-B8A6-238F341BA396}.Release|Any CPU.Build.0 = Release|Any CPU
		{2F4ADA5E-9BEE-45FC-8A95-EC8DEB839C3D}.Debug|Any CPU.ActiveCfg = Debug|Any CPU
		{2F4ADA5E-9BEE-45FC-8A95-EC8DEB839C3D}.Debug|Any CPU.Build.0 = Debug|Any CPU
		{2F4ADA5E-9BEE-45FC-8A95-EC8DEB839C3D}.Release|Any CPU.ActiveCfg = Release|Any CPU
		{2F4ADA5E-9BEE-45FC-8A95-EC8DEB839C3D}.Release|Any CPU.Build.0 = Release|Any CPU
		{A0FD48DC-C445-4742-81F9-E1D27D8503FA}.Debug|Any CPU.ActiveCfg = Debug|Any CPU
		{A0FD48DC-C445-4742-81F9-E1D27D8503FA}.Debug|Any CPU.Build.0 = Debug|Any CPU
		{A0FD48DC-C445-4742-81F9-E1D27D8503FA}.Release|Any CPU.ActiveCfg = Release|Any CPU
		{A0FD48DC-C445-4742-81F9-E1D27D8503FA}.Release|Any CPU.Build.0 = Release|Any CPU
		{4AAB4559-A551-47D6-AD52-A8011085AC45}.Debug|Any CPU.ActiveCfg = Debug|Any CPU
		{4AAB4559-A551-47D6-AD52-A8011085AC45}.Debug|Any CPU.Build.0 = Debug|Any CPU
		{4AAB4559-A551-47D6-AD52-A8011085AC45}.Release|Any CPU.ActiveCfg = Release|Any CPU
		{4AAB4559-A551-47D6-AD52-A8011085AC45}.Release|Any CPU.Build.0 = Release|Any CPU
		{AFC81D47-4405-4A69-9B59-C93E254F8650}.Debug|Any CPU.ActiveCfg = Debug|Any CPU
		{AFC81D47-4405-4A69-9B59-C93E254F8650}.Debug|Any CPU.Build.0 = Debug|Any CPU
		{AFC81D47-4405-4A69-9B59-C93E254F8650}.Release|Any CPU.ActiveCfg = Release|Any CPU
		{AFC81D47-4405-4A69-9B59-C93E254F8650}.Release|Any CPU.Build.0 = Release|Any CPU
		{EEF20E25-B2A2-4785-BE79-0628F0F740BE}.Debug|Any CPU.ActiveCfg = Debug|Any CPU
		{EEF20E25-B2A2-4785-BE79-0628F0F740BE}.Debug|Any CPU.Build.0 = Debug|Any CPU
		{EEF20E25-B2A2-4785-BE79-0628F0F740BE}.Release|Any CPU.ActiveCfg = Release|Any CPU
		{EEF20E25-B2A2-4785-BE79-0628F0F740BE}.Release|Any CPU.Build.0 = Release|Any CPU
	EndGlobalSection
	GlobalSection(SolutionProperties) = preSolution
		HideSolutionNode = FALSE
	EndGlobalSection
	GlobalSection(NestedProjects) = preSolution
		{9BE841C7-D495-4BD0-8B8F-A4E292F01D5A} = {11D1C092-BCA4-4D7D-8D81-D950E0E35138}
		{A0D5BB0B-4FE8-45BD-A69D-B2948C9B78E7} = {11D1C092-BCA4-4D7D-8D81-D950E0E35138}
	EndGlobalSection
	GlobalSection(ExtensibilityGlobals) = postSolution
		SolutionGuid = {76B79D31-9398-4008-95EE-19EC4EE65B23}
	EndGlobalSection
EndGlobal
